
Microsoft Visual Studio Solution File, Format Version 12.00
# Visual Studio Version 16
VisualStudioVersion = 16.0.31613.86
MinimumVisualStudioVersion = 10.0.40219.1
Project("{FAE04EC0-301F-11D3-BF4B-00C04F79EFBC}") = "Calculator", "Calculator\Calculator.csproj", "{656AA360-DE81-4001-81F7-348D574F5835}"
EndProject
Global
	GlobalSection(SolutionConfigurationPlatforms) = preSolution
		Debug|Any CPU = Debug|Any CPU
		Release|Any CPU = Release|Any CPU
	EndGlobalSection
	GlobalSection(ProjectConfigurationPlatforms) = postSolution
		{656AA360-DE81-4001-81F7-348D574F5835}.Debug|Any CPU.ActiveCfg = Debug|Any CPU
		{656AA360-DE81-4001-81F7-348D574F5835}.Debug|Any CPU.Build.0 = Debug|Any CPU
		{656AA360-DE81-4001-81F7-348D574F5835}.Release|Any CPU.ActiveCfg = Release|Any CPU
		{656AA360-DE81-4001-81F7-348D574F5835}.Release|Any CPU.Build.0 = Release|Any CPU
	EndGlobalSection
	GlobalSection(SolutionProperties) = preSolution
		HideSolutionNode = FALSE
	EndGlobalSection
	GlobalSection(ExtensibilityGlobals) = postSolution
		SolutionGuid = {C27760C3-209B-4E10-8119-2DFE6F4E6F15}
	EndGlobalSection
EndGlobal
